// !$*UTF8*$!
{
	archiveVersion = 1;
	classes = {
	};
	objectVersion = 50;
	objects = {

/* Begin PBXBuildFile section */
		832D92BA2397007B002382A4 /* AppDelegate.swift in Sources */ = {isa = PBXBuildFile; fileRef = 832D92B92397007B002382A4 /* AppDelegate.swift */; };
		832D92BC2397007B002382A4 /* SceneDelegate.swift in Sources */ = {isa = PBXBuildFile; fileRef = 832D92BB2397007B002382A4 /* SceneDelegate.swift */; };
		832D92BE2397007B002382A4 /* ViewController.swift in Sources */ = {isa = PBXBuildFile; fileRef = 832D92BD2397007B002382A4 /* ViewController.swift */; };
		832D92C12397007B002382A4 /* Main.storyboard in Resources */ = {isa = PBXBuildFile; fileRef = 832D92BF2397007B002382A4 /* Main.storyboard */; };
		832D92C32397007D002382A4 /* Assets.xcassets in Resources */ = {isa = PBXBuildFile; fileRef = 832D92C22397007D002382A4 /* Assets.xcassets */; };
		832D92C62397007D002382A4 /* LaunchScreen.storyboard in Resources */ = {isa = PBXBuildFile; fileRef = 832D92C42397007D002382A4 /* LaunchScreen.storyboard */; };
		832D92CE23970107002382A4 /* GoogleService-Info.plist in Resources */ = {isa = PBXBuildFile; fileRef = 832D92CD23970107002382A4 /* GoogleService-Info.plist */; };
		A63313FF27C2F385B9367C6C /* Pods_Firebase_Test.framework in Frameworks */ = {isa = PBXBuildFile; fileRef = AF11E4B8C9BA67059F76F527 /* Pods_Firebase_Test.framework */; };
/* End PBXBuildFile section */

/* Begin PBXFileReference section */
		06DBF24BB7C4A0E6E9494231 /* Pods-Firebase-Test.debug.xcconfig */ = {isa = PBXFileReference; includeInIndex = 1; lastKnownFileType = text.xcconfig; name = "Pods-Firebase-Test.debug.xcconfig"; path = "Target Support Files/Pods-Firebase-Test/Pods-Firebase-Test.debug.xcconfig"; sourceTree = "<group>"; };
		1E67F5060FA0AB12EF72AE7E /* Pods-Firebase-Test.release.xcconfig */ = {isa = PBXFileReference; includeInIndex = 1; lastKnownFileType = text.xcconfig; name = "Pods-Firebase-Test.release.xcconfig"; path = "Target Support Files/Pods-Firebase-Test/Pods-Firebase-Test.release.xcconfig"; sourceTree = "<group>"; };
		832D92B62397007B002382A4 /* Firebase-Test.app */ = {isa = PBXFileReference; explicitFileType = wrapper.application; includeInIndex = 0; path = "Firebase-Test.app"; sourceTree = BUILT_PRODUCTS_DIR; };
		832D92B92397007B002382A4 /* AppDelegate.swift */ = {isa = PBXFileReference; lastKnownFileType = sourcecode.swift; path = AppDelegate.swift; sourceTree = "<group>"; };
		832D92BB2397007B002382A4 /* SceneDelegate.swift */ = {isa = PBXFileReference; lastKnownFileType = sourcecode.swift; path = SceneDelegate.swift; sourceTree = "<group>"; };
		832D92BD2397007B002382A4 /* ViewController.swift */ = {isa = PBXFileReference; lastKnownFileType = sourcecode.swift; path = ViewController.swift; sourceTree = "<group>"; };
		832D92C02397007B002382A4 /* Base */ = {isa = PBXFileReference; lastKnownFileType = file.storyboard; name = Base; path = Base.lproj/Main.storyboard; sourceTree = "<group>"; };
		832D92C22397007D002382A4 /* Assets.xcassets */ = {isa = PBXFileReference; lastKnownFileType = folder.assetcatalog; path = Assets.xcassets; sourceTree = "<group>"; };
		832D92C52397007D002382A4 /* Base */ = {isa = PBXFileReference; lastKnownFileType = file.storyboard; name = Base; path = Base.lproj/LaunchScreen.storyboard; sourceTree = "<group>"; };
		832D92C72397007D002382A4 /* Info.plist */ = {isa = PBXFileReference; lastKnownFileType = text.plist.xml; path = Info.plist; sourceTree = "<group>"; };
		832D92CD23970107002382A4 /* GoogleService-Info.plist */ = {isa = PBXFileReference; fileEncoding = 4; lastKnownFileType = text.plist.xml; path = "GoogleService-Info.plist"; sourceTree = "<group>"; };
		AF11E4B8C9BA67059F76F527 /* Pods_Firebase_Test.framework */ = {isa = PBXFileReference; explicitFileType = wrapper.framework; includeInIndex = 0; path = Pods_Firebase_Test.framework; sourceTree = BUILT_PRODUCTS_DIR; };
/* End PBXFileReference section */

/* Begin PBXFrameworksBuildPhase section */
		832D92B32397007B002382A4 /* Frameworks */ = {
			isa = PBXFrameworksBuildPhase;
			buildActionMask = 2147483647;
			files = (
				A63313FF27C2F385B9367C6C /* Pods_Firebase_Test.framework in Frameworks */,
			);
			runOnlyForDeploymentPostprocessing = 0;
		};
/* End PBXFrameworksBuildPhase section */

/* Begin PBXGroup section */
		600266E8BCCEF317A1D27D7F /* Frameworks */ = {
			isa = PBXGroup;
			children = (
				AF11E4B8C9BA67059F76F527 /* Pods_Firebase_Test.framework */,
			);
			name = Frameworks;
			sourceTree = "<group>";
		};
		832D92AD2397007B002382A4 = {
			isa = PBXGroup;
			children = (
				832D92B82397007B002382A4 /* Firebase-Test */,
				832D92B72397007B002382A4 /* Products */,
				BA9EFC63E386F2FA561A45B8 /* Pods */,
				600266E8BCCEF317A1D27D7F /* Frameworks */,
			);
			sourceTree = "<group>";
		};
		832D92B72397007B002382A4 /* Products */ = {
			isa = PBXGroup;
			children = (
				832D92B62397007B002382A4 /* Firebase-Test.app */,
			);
			name = Products;
			sourceTree = "<group>";
		};
		832D92B82397007B002382A4 /* Firebase-Test */ = {
			isa = PBXGroup;
			children = (
				832D92B92397007B002382A4 /* AppDelegate.swift */,
				832D92BB2397007B002382A4 /* SceneDelegate.swift */,
				832D92BD2397007B002382A4 /* ViewController.swift */,
				832D92BF2397007B002382A4 /* Main.storyboard */,
				832D92C22397007D002382A4 /* Assets.xcassets */,
				832D92C42397007D002382A4 /* LaunchScreen.storyboard */,
				832D92C72397007D002382A4 /* Info.plist */,
				832D92CD23970107002382A4 /* GoogleService-Info.plist */,
			);
			path = "Firebase-Test";
			sourceTree = "<group>";
		};
		BA9EFC63E386F2FA561A45B8 /* Pods */ = {
			isa = PBXGroup;
			children = (
				06DBF24BB7C4A0E6E9494231 /* Pods-Firebase-Test.debug.xcconfig */,
				1E67F5060FA0AB12EF72AE7E /* Pods-Firebase-Test.release.xcconfig */,
			);
			name = Pods;
			path = Pods;
			sourceTree = "<group>";
		};
/* End PBXGroup section */

/* Begin PBXNativeTarget section */
		832D92B52397007B002382A4 /* Firebase-Test */ = {
			isa = PBXNativeTarget;
			buildConfigurationList = 832D92CA2397007D002382A4 /* Build configuration list for PBXNativeTarget "Firebase-Test" */;
			buildPhases = (
				05C630979654619A47EFB5FE /* [CP] Check Pods Manifest.lock */,
				832D92B22397007B002382A4 /* Sources */,
				832D92B32397007B002382A4 /* Frameworks */,
				832D92B42397007B002382A4 /* Resources */,
				048591D7CC497E373FE02325 /* [CP] Embed Pods Frameworks */,
			);
			buildRules = (
			);
			dependencies = (
			);
			name = "Firebase-Test";
			productName = "Firebase-Test";
			productReference = 832D92B62397007B002382A4 /* Firebase-Test.app */;
			productType = "com.apple.product-type.application";
		};
/* End PBXNativeTarget section */

/* Begin PBXProject section */
		832D92AE2397007B002382A4 /* Project object */ = {
			isa = PBXProject;
			attributes = {
				LastSwiftUpdateCheck = 1100;
				LastUpgradeCheck = 1100;
				ORGANIZATIONNAME = "Mohammed J Hossain";
				TargetAttributes = {
					832D92B52397007B002382A4 = {
						CreatedOnToolsVersion = 11.0;
					};
				};
			};
			buildConfigurationList = 832D92B12397007B002382A4 /* Build configuration list for PBXProject "Firebase-Test" */;
			compatibilityVersion = "Xcode 9.3";
			developmentRegion = en;
			hasScannedForEncodings = 0;
			knownRegions = (
				en,
				Base,
			);
			mainGroup = 832D92AD2397007B002382A4;
			productRefGroup = 832D92B72397007B002382A4 /* Products */;
			projectDirPath = "";
			projectRoot = "";
			targets = (
				832D92B52397007B002382A4 /* Firebase-Test */,
			);
		};
/* End PBXProject section */

/* Begin PBXResourcesBuildPhase section */
		832D92B42397007B002382A4 /* Resources */ = {
			isa = PBXResourcesBuildPhase;
			buildActionMask = 2147483647;
			files = (
				832D92C62397007D002382A4 /* LaunchScreen.storyboard in Resources */,
				832D92CE23970107002382A4 /* GoogleService-Info.plist in Resources */,
				832D92C32397007D002382A4 /* Assets.xcassets in Resources */,
				832D92C12397007B002382A4 /* Main.storyboard in Resources */,
			);
			runOnlyForDeploymentPostprocessing = 0;
		};
/* End PBXResourcesBuildPhase section */

/* Begin PBXShellScriptBuildPhase section */
		048591D7CC497E373FE02325 /* [CP] Embed Pods Frameworks */ = {
			isa = PBXShellScriptBuildPhase;
			buildActionMask = 2147483647;
			files = (
			);
			inputFileListPaths = (
				"${PODS_ROOT}/Target Support Files/Pods-Firebase-Test/Pods-Firebase-Test-frameworks-${CONFIGURATION}-input-files.xcfilelist",
			);
			name = "[CP] Embed Pods Frameworks";
			outputFileListPaths = (
				"${PODS_ROOT}/Target Support Files/Pods-Firebase-Test/Pods-Firebase-Test-frameworks-${CONFIGURATION}-output-files.xcfilelist",
			);
			runOnlyForDeploymentPostprocessing = 0;
			shellPath = /bin/sh;
			shellScript = "\"${PODS_ROOT}/Target Support Files/Pods-Firebase-Test/Pods-Firebase-Test-frameworks.sh\"\n";
			showEnvVarsInLog = 0;
		};
		05C630979654619A47EFB5FE /* [CP] Check Pods Manifest.lock */ = {
			isa = PBXShellScriptBuildPhase;
			buildActionMask = 2147483647;
			files = (
			);
			inputFileListPaths = (
			);
			inputPaths = (
				"${PODS_PODFILE_DIR_PATH}/Podfile.lock",
				"${PODS_ROOT}/Manifest.lock",
			);
			name = "[CP] Check Pods Manifest.lock";
			outputFileListPaths = (
			);
			outputPaths = (
				"$(DERIVED_FILE_DIR)/Pods-Firebase-Test-checkManifestLockResult.txt",
			);
			runOnlyForDeploymentPostprocessing = 0;
			shellPath = /bin/sh;
			shellScript = "diff \"${PODS_PODFILE_DIR_PATH}/Podfile.lock\" \"${PODS_ROOT}/Manifest.lock\" > /dev/null\nif [ $? != 0 ] ; then\n    # print error to STDERR\n    echo \"error: The sandbox is not in sync with the Podfile.lock. Run 'pod install' or update your CocoaPods installation.\" >&2\n    exit 1\nfi\n# This output is used by Xcode 'outputs' to avoid re-running this script phase.\necho \"SUCCESS\" > \"${SCRIPT_OUTPUT_FILE_0}\"\n";
			showEnvVarsInLog = 0;
		};
/* End PBXShellScriptBuildPhase section */

/* Begin PBXSourcesBuildPhase section */
		832D92B22397007B002382A4 /* Sources */ = {
			isa = PBXSourcesBuildPhase;
			buildActionMask = 2147483647;
			files = (
				832D92BE2397007B002382A4 /* ViewController.swift in Sources */,
				832D92BA2397007B002382A4 /* AppDelegate.swift in Sources */,
				832D92BC2397007B002382A4 /* SceneDelegate.swift in Sources */,
			);
			runOnlyForDeploymentPostprocessing = 0;
		};
/* End PBXSourcesBuildPhase section */

/* Begin PBXVariantGroup section */
		832D92BF2397007B002382A4 /* Main.storyboard */ = {
			isa = PBXVariantGroup;
			children = (
				832D92C02397007B002382A4 /* Base */,
			);
			name = Main.storyboard;
			sourceTree = "<group>";
		};
		832D92C42397007D002382A4 /* LaunchScreen.storyboard */ = {
			isa = PBXVariantGroup;
			children = (
				832D92C52397007D002382A4 /* Base */,
			);
			name = LaunchScreen.storyboard;
			sourceTree = "<group>";
		};
/* End PBXVariantGroup section */

/* Begin XCBuildConfiguration section */
		832D92C82397007D002382A4 /* Debug */ = {
			isa = XCBuildConfiguration;
			buildSettings = {
				ALWAYS_SEARCH_USER_PATHS = NO;
				CLANG_ANALYZER_NONNULL = YES;
				CLANG_ANALYZER_NUMBER_OBJECT_CONVERSION = YES_AGGRESSIVE;
				CLANG_CXX_LANGUAGE_STANDARD = "gnu++14";
				CLANG_CXX_LIBRARY = "libc++";
				CLANG_ENABLE_MODULES = YES;
				CLANG_ENABLE_OBJC_ARC = YES;
				CLANG_ENABLE_OBJC_WEAK = YES;
				CLANG_WARN_BLOCK_CAPTURE_AUTORELEASING = YES;
				CLANG_WARN_BOOL_CONVERSION = YES;
				CLANG_WARN_COMMA = YES;
				CLANG_WARN_CONSTANT_CONVERSION = YES;
				CLANG_WARN_DEPRECATED_OBJC_IMPLEMENTATIONS = YES;
				CLANG_WARN_DIRECT_OBJC_ISA_USAGE = YES_ERROR;
				CLANG_WARN_DOCUMENTATION_COMMENTS = YES;
				CLANG_WARN_EMPTY_BODY = YES;
				CLANG_WARN_ENUM_CONVERSION = YES;
				CLANG_WARN_INFINITE_RECURSION = YES;
				CLANG_WARN_INT_CONVERSION = YES;
				CLANG_WARN_NON_LITERAL_NULL_CONVERSION = YES;
				CLANG_WARN_OBJC_IMPLICIT_RETAIN_SELF = YES;
				CLANG_WARN_OBJC_LITERAL_CONVERSION = YES;
				CLANG_WARN_OBJC_ROOT_CLASS = YES_ERROR;
				CLANG_WARN_RANGE_LOOP_ANALYSIS = YES;
				CLANG_WARN_STRICT_PROTOTYPES = YES;
				CLANG_WARN_SUSPICIOUS_MOVE = YES;
				CLANG_WARN_UNGUARDED_AVAILABILITY = YES_AGGRESSIVE;
				CLANG_WARN_UNREACHABLE_CODE = YES;
				CLANG_WARN__DUPLICATE_METHOD_MATCH = YES;
				COPY_PHASE_STRIP = NO;
				DEBUG_INFORMATION_FORMAT = dwarf;
				ENABLE_STRICT_OBJC_MSGSEND = YES;
				ENABLE_TESTABILITY = YES;
				GCC_C_LANGUAGE_STANDARD = gnu11;
				GCC_DYNAMIC_NO_PIC = NO;
				GCC_NO_COMMON_BLOCKS = YES;
				GCC_OPTIMIZATION_LEVEL = 0;
				GCC_PREPROCESSOR_DEFINITIONS = (
					"DEBUG=1",
					"$(inherited)",
				);
				GCC_WARN_64_TO_32_BIT_CONVERSION = YES;
				GCC_WARN_ABOUT_RETURN_TYPE = YES_ERROR;
				GCC_WARN_UNDECLARED_SELECTOR = YES;
				GCC_WARN_UNINITIALIZED_AUTOS = YES_AGGRESSIVE;
				GCC_WARN_UNUSED_FUNCTION = YES;
				GCC_WARN_UNUSED_VARIABLE = YES;
				IPHONEOS_DEPLOYMENT_TARGET = 13.0;
				MTL_ENABLE_DEBUG_INFO = INCLUDE_SOURCE;
				MTL_FAST_MATH = YES;
				ONLY_ACTIVE_ARCH = YES;
				SDKROOT = iphoneos;
				SWIFT_ACTIVE_COMPILATION_CONDITIONS = DEBUG;
				SWIFT_OPTIMIZATION_LEVEL = "-Onone";
			};
			name = Debug;
		};
		832D92C92397007D002382A4 /* Release */ = {
			isa = XCBuildConfiguration;
			buildSettings = {
				ALWAYS_SEARCH_USER_PATHS = NO;
				CLANG_ANALYZER_NONNULL = YES;
				CLANG_ANALYZER_NUMBER_OBJECT_CONVERSION = YES_AGGRESSIVE;
				CLANG_CXX_LANGUAGE_STANDARD = "gnu++14";
				CLANG_CXX_LIBRARY = "libc++";
				CLANG_ENABLE_MODULES = YES;
				CLANG_ENABLE_OBJC_ARC = YES;
				CLANG_ENABLE_OBJC_WEAK = YES;
				CLANG_WARN_BLOCK_CAPTURE_AUTORELEASING = YES;
				CLANG_WARN_BOOL_CONVERSION = YES;
				CLANG_WARN_COMMA = YES;
				CLANG_WARN_CONSTANT_CONVERSION = YES;
				CLANG_WARN_DEPRECATED_OBJC_IMPLEMENTATIONS = YES;
				CLANG_WARN_DIRECT_OBJC_ISA_USAGE = YES_ERROR;
				CLANG_WARN_DOCUMENTATION_COMMENTS = YES;
				CLANG_WARN_EMPTY_BODY = YES;
				CLANG_WARN_ENUM_CONVERSION = YES;
				CLANG_WARN_INFINITE_RECURSION = YES;
				CLANG_WARN_INT_CONVERSION = YES;
				CLANG_WARN_NON_LITERAL_NULL_CONVERSION = YES;
				CLANG_WARN_OBJC_IMPLICIT_RETAIN_SELF = YES;
				CLANG_WARN_OBJC_LITERAL_CONVERSION = YES;
				CLANG_WARN_OBJC_ROOT_CLASS = YES_ERROR;
				CLANG_WARN_RANGE_LOOP_ANALYSIS = YES;
				CLANG_WARN_STRICT_PROTOTYPES = YES;
				CLANG_WARN_SUSPICIOUS_MOVE = YES;
				CLANG_WARN_UNGUARDED_AVAILABILITY = YES_AGGRESSIVE;
				CLANG_WARN_UNREACHABLE_CODE = YES;
				CLANG_WARN__DUPLICATE_METHOD_MATCH = YES;
				COPY_PHASE_STRIP = NO;
				DEBUG_INFORMATION_FORMAT = "dwarf-with-dsym";
				ENABLE_NS_ASSERTIONS = NO;
				ENABLE_STRICT_OBJC_MSGSEND = YES;
				GCC_C_LANGUAGE_STANDARD = gnu11;
				GCC_NO_COMMON_BLOCKS = YES;
				GCC_WARN_64_TO_32_BIT_CONVERSION = YES;
				GCC_WARN_ABOUT_RETURN_TYPE = YES_ERROR;
				GCC_WARN_UNDECLARED_SELECTOR = YES;
				GCC_WARN_UNINITIALIZED_AUTOS = YES_AGGRESSIVE;
				GCC_WARN_UNUSED_FUNCTION = YES;
				GCC_WARN_UNUSED_VARIABLE = YES;
				IPHONEOS_DEPLOYMENT_TARGET = 13.0;
				MTL_ENABLE_DEBUG_INFO = NO;
				MTL_FAST_MATH = YES;
				SDKROOT = iphoneos;
				SWIFT_COMPILATION_MODE = wholemodule;
				SWIFT_OPTIMIZATION_LEVEL = "-O";
				VALIDATE_PRODUCT = YES;
			};
			name = Release;
		};
		832D92CB2397007D002382A4 /* Debug */ = {
			isa = XCBuildConfiguration;
			baseConfigurationReference = 06DBF24BB7C4A0E6E9494231 /* Pods-Firebase-Test.debug.xcconfig */;
			buildSettings = {
				ASSETCATALOG_COMPILER_APPICON_NAME = AppIcon;
				CODE_SIGN_STYLE = Automatic;
				DEVELOPMENT_TEAM = 8DZ9586SL6;
				INFOPLIST_FILE = "Firebase-Test/Info.plist";
				LD_RUNPATH_SEARCH_PATHS = (
					"$(inherited)",
					"@executable_path/Frameworks",
				);
				PRODUCT_BUNDLE_IDENTIFIER = "MJH.Firebase-Test";
				PRODUCT_NAME = "$(TARGET_NAME)";
				SWIFT_VERSION = 5.0;
				TARGETED_DEVICE_FAMILY = "1,2";
			};
			name = Debug;
		};
		832D92CC2397007D002382A4 /* Release */ = {
			isa = XCBuildConfiguration;
			baseConfigurationReference = 1E67F5060FA0AB12EF72AE7E /* Pods-Firebase-Test.release.xcconfig */;
			buildSettings = {
				ASSETCATALOG_COMPILER_APPICON_NAME = AppIcon;
				CODE_SIGN_STYLE = Automatic;
				DEVELOPMENT_TEAM = 8DZ9586SL6;
				INFOPLIST_FILE = "Firebase-Test/Info.plist";
				LD_RUNPATH_SEARCH_PATHS = (
					"$(inherited)",
					"@executable_path/Frameworks",
				);
				PRODUCT_BUNDLE_IDENTIFIER = "MJH.Firebase-Test";
				PRODUCT_NAME = "$(TARGET_NAME)";
				SWIFT_VERSION = 5.0;
				TARGETED_DEVICE_FAMILY = "1,2";
			};
			name = Release;
		};
/* End XCBuildConfiguration section */

/* Begin XCConfigurationList section */
		832D92B12397007B002382A4 /* Build configuration list for PBXProject "Firebase-Test" */ = {
			isa = XCConfigurationList;
			buildConfigurations = (
				832D92C82397007D002382A4 /* Debug */,
				832D92C92397007D002382A4 /* Release */,
			);
			defaultConfigurationIsVisible = 0;
			defaultConfigurationName = Release;
		};
		832D92CA2397007D002382A4 /* Build configuration list for PBXNativeTarget "Firebase-Test" */ = {
			isa = XCConfigurationList;
			buildConfigurations = (
				832D92CB2397007D002382A4 /* Debug */,
				832D92CC2397007D002382A4 /* Release */,
			);
			defaultConfigurationIsVisible = 0;
			defaultConfigurationName = Release;
		};
/* End XCConfigurationList section */
	};
	rootObject = 832D92AE2397007B002382A4 /* Project object */;
}
